
Microsoft Visual Studio Solution File, Format Version 12.00
# Visual Studio 15
VisualStudioVersion = 15.0.28307.271
MinimumVisualStudioVersion = 10.0.40219.1
Project("{FAE04EC0-301F-11D3-BF4B-00C04F79EFBC}") = "ATM_System", "ATM_System\ATM_System.csproj", "{8D354DC0-D99F-47D0-8D93-6A7E022BEF92}"
EndProject
Project("{FAE04EC0-301F-11D3-BF4B-00C04F79EFBC}") = "AirTM_Unit_Test", "AirTM.Unit.Test\AirTM_Unit_Test.csproj", "{2DAA2D61-BF83-4C68-B175-DCB5DE79119D}"
EndProject
Global
	GlobalSection(SolutionConfigurationPlatforms) = preSolution
		Debug|Any CPU = Debug|Any CPU
		Release|Any CPU = Release|Any CPU
	EndGlobalSection
	GlobalSection(ProjectConfigurationPlatforms) = postSolution
		{8D354DC0-D99F-47D0-8D93-6A7E022BEF92}.Debug|Any CPU.ActiveCfg = Debug|Any CPU
		{8D354DC0-D99F-47D0-8D93-6A7E022BEF92}.Debug|Any CPU.Build.0 = Debug|Any CPU
		{8D354DC0-D99F-47D0-8D93-6A7E022BEF92}.Release|Any CPU.ActiveCfg = Release|Any CPU
		{8D354DC0-D99F-47D0-8D93-6A7E022BEF92}.Release|Any CPU.Build.0 = Release|Any CPU
		{2DAA2D61-BF83-4C68-B175-DCB5DE79119D}.Debug|Any CPU.ActiveCfg = Debug|Any CPU
		{2DAA2D61-BF83-4C68-B175-DCB5DE79119D}.Debug|Any CPU.Build.0 = Debug|Any CPU
		{2DAA2D61-BF83-4C68-B175-DCB5DE79119D}.Release|Any CPU.ActiveCfg = Release|Any CPU
		{2DAA2D61-BF83-4C68-B175-DCB5DE79119D}.Release|Any CPU.Build.0 = Release|Any CPU
	EndGlobalSection
	GlobalSection(SolutionProperties) = preSolution
		HideSolutionNode = FALSE
	EndGlobalSection
	GlobalSection(ExtensibilityGlobals) = postSolution
		SolutionGuid = {83EEBD80-3E1F-4114-B7B7-C927327CE923}
	EndGlobalSection
EndGlobal
